
Microsoft Visual Studio Solution File, Format Version 12.00
# Visual Studio 14
VisualStudioVersion = 14.0.25123.0
MinimumVisualStudioVersion = 10.0.40219.1
Project("{FAE04EC0-301F-11D3-BF4B-00C04F79EFBC}") = "01.Ivanovi's Family", "01.Ivanovi's Family\01.Ivanovi's Family.csproj", "{B1E88141-B3FE-4844-8131-860F48128FD3}"
EndProject
Project("{FAE04EC0-301F-11D3-BF4B-00C04F79EFBC}") = "02. New Years Eve Party", "02. New Years Eve Party\02. New Years Eve Party.csproj", "{E005526B-C761-41C9-B5B9-19842774484B}"
EndProject
Project("{FAE04EC0-301F-11D3-BF4B-00C04F79EFBC}") = "03. Ivanovi's Holiday", "03. Ivanovi's Holiday\03. Ivanovi's Holiday.csproj", "{027AA2D0-1439-4D7D-BAFC-A56B7E95A43C}"
EndProject
Project("{FAE04EC0-301F-11D3-BF4B-00C04F79EFBC}") = "Workout", "Workout\Workout.csproj", "{7762AD82-DF52-4055-A05D-A3772206917D}"
EndProject
Project("{FAE04EC0-301F-11D3-BF4B-00C04F79EFBC}") = "05. Christmas Sock", "05. Christmas Sock\05. Christmas Sock.csproj", "{08CC19C2-8DBB-487B-B0BB-F5A31F48FAF2}"
EndProject
Project("{FAE04EC0-301F-11D3-BF4B-00C04F79EFBC}") = "06. Multiply Table", "06. Multiply Table\06. Multiply Table.csproj", "{4E8F4984-0425-45A8-8753-6EF8F4214077}"
EndProject
Global
	GlobalSection(SolutionConfigurationPlatforms) = preSolution
		Debug|Any CPU = Debug|Any CPU
		Release|Any CPU = Release|Any CPU
	EndGlobalSection
	GlobalSection(ProjectConfigurationPlatforms) = postSolution
		{B1E88141-B3FE-4844-8131-860F48128FD3}.Debug|Any CPU.ActiveCfg = Debug|Any CPU
		{B1E88141-B3FE-4844-8131-860F48128FD3}.Debug|Any CPU.Build.0 = Debug|Any CPU
		{B1E88141-B3FE-4844-8131-860F48128FD3}.Release|Any CPU.ActiveCfg = Release|Any CPU
		{B1E88141-B3FE-4844-8131-860F48128FD3}.Release|Any CPU.Build.0 = Release|Any CPU
		{E005526B-C761-41C9-B5B9-19842774484B}.Debug|Any CPU.ActiveCfg = Debug|Any CPU
		{E005526B-C761-41C9-B5B9-19842774484B}.Debug|Any CPU.Build.0 = Debug|Any CPU
		{E005526B-C761-41C9-B5B9-19842774484B}.Release|Any CPU.ActiveCfg = Release|Any CPU
		{E005526B-C761-41C9-B5B9-19842774484B}.Release|Any CPU.Build.0 = Release|Any CPU
		{027AA2D0-1439-4D7D-BAFC-A56B7E95A43C}.Debug|Any CPU.ActiveCfg = Debug|Any CPU
		{027AA2D0-1439-4D7D-BAFC-A56B7E95A43C}.Debug|Any CPU.Build.0 = Debug|Any CPU
		{027AA2D0-1439-4D7D-BAFC-A56B7E95A43C}.Release|Any CPU.ActiveCfg = Release|Any CPU
		{027AA2D0-1439-4D7D-BAFC-A56B7E95A43C}.Release|Any CPU.Build.0 = Release|Any CPU
		{7762AD82-DF52-4055-A05D-A3772206917D}.Debug|Any CPU.ActiveCfg = Debug|Any CPU
		{7762AD82-DF52-4055-A05D-A3772206917D}.Debug|Any CPU.Build.0 = Debug|Any CPU
		{7762AD82-DF52-4055-A05D-A3772206917D}.Release|Any CPU.ActiveCfg = Release|Any CPU
		{7762AD82-DF52-4055-A05D-A3772206917D}.Release|Any CPU.Build.0 = Release|Any CPU
		{08CC19C2-8DBB-487B-B0BB-F5A31F48FAF2}.Debug|Any CPU.ActiveCfg = Debug|Any CPU
		{08CC19C2-8DBB-487B-B0BB-F5A31F48FAF2}.Debug|Any CPU.Build.0 = Debug|Any CPU
		{08CC19C2-8DBB-487B-B0BB-F5A31F48FAF2}.Release|Any CPU.ActiveCfg = Release|Any CPU
		{08CC19C2-8DBB-487B-B0BB-F5A31F48FAF2}.Release|Any CPU.Build.0 = Release|Any CPU
		{4E8F4984-0425-45A8-8753-6EF8F4214077}.Debug|Any CPU.ActiveCfg = Debug|Any CPU
		{4E8F4984-0425-45A8-8753-6EF8F4214077}.Debug|Any CPU.Build.0 = Debug|Any CPU
		{4E8F4984-0425-45A8-8753-6EF8F4214077}.Release|Any CPU.ActiveCfg = Release|Any CPU
		{4E8F4984-0425-45A8-8753-6EF8F4214077}.Release|Any CPU.Build.0 = Release|Any CPU
	EndGlobalSection
	GlobalSection(SolutionProperties) = preSolution
		HideSolutionNode = FALSE
	EndGlobalSection
EndGlobal
